
Microsoft Visual Studio Solution File, Format Version 12.00
# Visual Studio Version 16
VisualStudioVersion = 16.0.31229.75
MinimumVisualStudioVersion = 10.0.40219.1
Project("{FAE04EC0-301F-11D3-BF4B-00C04F79EFBC}") = "Pumper", "Pumper.csproj", "{400119E5-61B7-4573-B139-17066D6E5557}"
EndProject
Global
	GlobalSection(SolutionConfigurationPlatforms) = preSolution
		Debug|Any CPU = Debug|Any CPU
		Release|Any CPU = Release|Any CPU
	EndGlobalSection
	GlobalSection(ProjectConfigurationPlatforms) = postSolution
		{400119E5-61B7-4573-B139-17066D6E5557}.Debug|Any CPU.ActiveCfg = Debug|Any CPU
		{400119E5-61B7-4573-B139-17066D6E5557}.Debug|Any CPU.Build.0 = Debug|Any CPU
		{400119E5-61B7-4573-B139-17066D6E5557}.Release|Any CPU.ActiveCfg = Release|Any CPU
		{400119E5-61B7-4573-B139-17066D6E5557}.Release|Any CPU.Build.0 = Release|Any CPU
	EndGlobalSection
	GlobalSection(SolutionProperties) = preSolution
		HideSolutionNode = FALSE
	EndGlobalSection
	GlobalSection(ExtensibilityGlobals) = postSolution
		SolutionGuid = {0AA79363-7B76-4A6A-941D-AC03669D14DA}
	EndGlobalSection
EndGlobal
